
Microsoft Visual Studio Solution File, Format Version 12.00
# Visual Studio 15
VisualStudioVersion = 15.0.35319.79
MinimumVisualStudioVersion = 10.0.40219.1
Project("{FAE04EC0-301F-11D3-BF4B-00C04F79EFBC}") = "CarGame", "CarGame\CarGame.csproj", "{A9F269D2-746F-420A-9422-E172F77FBC2D}"
EndProject
Global
	GlobalSection(SolutionConfigurationPlatforms) = preSolution
		Debug|Any CPU = Debug|Any CPU
		Release|Any CPU = Release|Any CPU
	EndGlobalSection
	GlobalSection(ProjectConfigurationPlatforms) = postSolution
		{A9F269D2-746F-420A-9422-E172F77FBC2D}.Debug|Any CPU.ActiveCfg = Debug|Any CPU
		{A9F269D2-746F-420A-9422-E172F77FBC2D}.Debug|Any CPU.Build.0 = Debug|Any CPU
		{A9F269D2-746F-420A-9422-E172F77FBC2D}.Release|Any CPU.ActiveCfg = Release|Any CPU
		{A9F269D2-746F-420A-9422-E172F77FBC2D}.Release|Any CPU.Build.0 = Release|Any CPU
	EndGlobalSection
	GlobalSection(SolutionProperties) = preSolution
		HideSolutionNode = FALSE
	EndGlobalSection
	GlobalSection(ExtensibilityGlobals) = postSolution
		SolutionGuid = {1E18BFF0-1D90-4A89-8089-9E8DF009821F}
	EndGlobalSection
EndGlobal
